
Microsoft Visual Studio Solution File, Format Version 12.00
# Visual Studio Version 17
VisualStudioVersion = 17.0.31919.166
MinimumVisualStudioVersion = 10.0.40219.1
Project("{FAE04EC0-301F-11D3-BF4B-00C04F79EFBC}") = "C_Sharp_Multiple_Inhertiance_Interfaces", "C_Sharp_Multiple_Inhertiance_Interfaces\C_Sharp_Multiple_Inhertiance_Interfaces.csproj", "{04D317B7-5F03-4C3B-9CE1-CB0389C37C80}"
EndProject
Global
	GlobalSection(SolutionConfigurationPlatforms) = preSolution
		Debug|Any CPU = Debug|Any CPU
		Release|Any CPU = Release|Any CPU
	EndGlobalSection
	GlobalSection(ProjectConfigurationPlatforms) = postSolution
		{04D317B7-5F03-4C3B-9CE1-CB0389C37C80}.Debug|Any CPU.ActiveCfg = Debug|Any CPU
		{04D317B7-5F03-4C3B-9CE1-CB0389C37C80}.Debug|Any CPU.Build.0 = Debug|Any CPU
		{04D317B7-5F03-4C3B-9CE1-CB0389C37C80}.Release|Any CPU.ActiveCfg = Release|Any CPU
		{04D317B7-5F03-4C3B-9CE1-CB0389C37C80}.Release|Any CPU.Build.0 = Release|Any CPU
	EndGlobalSection
	GlobalSection(SolutionProperties) = preSolution
		HideSolutionNode = FALSE
	EndGlobalSection
	GlobalSection(ExtensibilityGlobals) = postSolution
		SolutionGuid = {D758AB2C-CE14-49D5-AE39-C4DC11FC4D38}
	EndGlobalSection
EndGlobal
